
Microsoft Visual Studio Solution File, Format Version 12.00
# Visual Studio Version 16
VisualStudioVersion = 16.0.28922.388
MinimumVisualStudioVersion = 10.0.40219.1
Project("{FAE04EC0-301F-11D3-BF4B-00C04F79EFBC}") = "Trabainho de Poozinho", "Trabainho de Poozinho\Trabainho de Poozinho.csproj", "{F956A5AD-A092-40E1-A48D-F4B539850F27}"
EndProject
Global
	GlobalSection(SolutionConfigurationPlatforms) = preSolution
		Debug|Any CPU = Debug|Any CPU
		Release|Any CPU = Release|Any CPU
	EndGlobalSection
	GlobalSection(ProjectConfigurationPlatforms) = postSolution
		{F956A5AD-A092-40E1-A48D-F4B539850F27}.Debug|Any CPU.ActiveCfg = Debug|Any CPU
		{F956A5AD-A092-40E1-A48D-F4B539850F27}.Debug|Any CPU.Build.0 = Debug|Any CPU
		{F956A5AD-A092-40E1-A48D-F4B539850F27}.Release|Any CPU.ActiveCfg = Release|Any CPU
		{F956A5AD-A092-40E1-A48D-F4B539850F27}.Release|Any CPU.Build.0 = Release|Any CPU
	EndGlobalSection
	GlobalSection(SolutionProperties) = preSolution
		HideSolutionNode = FALSE
	EndGlobalSection
	GlobalSection(ExtensibilityGlobals) = postSolution
		SolutionGuid = {F6BDB8E0-E148-4FAE-89D5-B4366188F8C6}
	EndGlobalSection
EndGlobal
